<?xml version="1.0" encoding="utf-8"?>
<Project ToolsVersion="4.0" xmlns="http://schemas.microsoft.com/developer/msbuild/2003">
  <ItemGroup>
    <Filter Include="Source Files">
      <UniqueIdentifier>{ba5d5db1-828d-45ce-a6d7-fb3a06020ee2}</UniqueIdentifier>
      <Extensions>cpp;c;cxx;def;odl;idl;hpj;bat;asm</Extensions>
    </Filter>
    <Filter Include="Header Files">
      <UniqueIdentifier>{a9b5e00e-1448-4b46-8103-c373d51235d0}</UniqueIdentifier>
      <Extensions>h;hpp;hxx;hm;inl;inc</Extensions>
    </Filter>
    <Filter Include="Resource Files">
      <UniqueIdentifier>{5395f1c2-ea87-482e-af97-cbbd50217970}</UniqueIdentifier>
      <Extensions>rc;ico;cur;bmp;dlg;rc2;rct;bin;rgs;gif;jpg;jpeg;jpe</Extensions>
    </Filter>
  </ItemGroup>
  <ItemGroup>
    <ClCompile Include="Ats.cpp">
      <Filter>Source Files</Filter>
    </ClCompile>
    <ClCompile Include="AtsP.cpp">
      <Filter>Source Files</Filter>
    </ClCompile>
    <ClCompile Include="AtsSn.cpp">
      <Filter>Source Files</Filter>
    </ClCompile>
    <ClCompile Include="Spp.cpp">
      <Filter>Source Files</Filter>
    </ClCompile>
    <ClCompile Include="stdafx.cpp">
      <Filter>Source Files</Filter>
    </ClCompile>
  </ItemGroup>
  <ItemGroup>
    <None Include="Ats.def">
      <Filter>Source Files</Filter>
    </None>
  </ItemGroup>
  <ItemGroup>
    <ClInclude Include="Ats.h">
      <Filter>Header Files</Filter>
    </ClInclude>
    <ClInclude Include="AtsP.h">
      <Filter>Header Files</Filter>
    </ClInclude>
    <ClInclude Include="AtsSn.h">
      <Filter>Header Files</Filter>
    </ClInclude>
    <ClInclude Include="Spp.h">
      <Filter>Header Files</Filter>
    </ClInclude>
    <ClInclude Include="atsplugin.h">
      <Filter>Header Files</Filter>
    </ClInclude>
    <ClInclude Include="stdafx.h">
      <Filter>Header Files</Filter>
    </ClInclude>
  </ItemGroup>
</Project>